{
    "version": 3,
    "terraform_version": "0.11.11",
    "serial": 12,
    "lineage": "a73c27a9-d83f-0209-2e1b-a395d6f82e7a",
    "modules": [
        {
            "path": [
                "root"
            ],
            "outputs": {},
            "resources": {
                "aws_eip.nat": {
                    "type": "aws_eip",
                    "depends_on": [
                        "aws_instance.nat"
                    ],
                    "primary": {
                        "id": "eipalloc-07f0136b8c8c0a946",
                        "attributes": {
                            "association_id": "eipassoc-050427fe699b63c78",
                            "domain": "vpc",
                            "id": "eipalloc-07f0136b8c8c0a946",
                            "instance": "i-0d9e2bdc68d1144df",
                            "network_interface": "eni-0358c909b026f81dc",
                            "private_dns": "ip-10-0-0-78.ec2.internal",
                            "private_ip": "10.0.0.78",
                            "public_dns": "ec2-3-218-99-254.compute-1.amazonaws.com",
                            "public_ip": "3.218.99.254",
                            "public_ipv4_pool": "amazon",
                            "tags.%": "2",
                            "tags.Name": "Elastic_Ip_icasei_nat",
                            "tags.Resource": "vpc",
                            "vpc": "true"
                        },
                        "meta": {
                            "e2bfb730-ecaa-11e6-8f88-34363bc7c4c0": {
                                "delete": 180000000000,
                                "read": 900000000000,
                                "update": 300000000000
                            }
                        },
                        "tainted": false
                    },
                    "deposed": [],
                    "provider": "provider.aws"
                },
                "aws_instance.manager.0": {
                    "type": "aws_instance",
                    "depends_on": [
                        "aws_security_group.manager",
                        "aws_subnet.us-east-1a-public"
                    ],
                    "primary": {
                        "id": "i-084124f5a95e67829",
                        "attributes": {
                            "ami": "ami-0a313d6098716f372",
                            "arn": "arn:aws:ec2:us-east-1:617177278386:instance/i-084124f5a95e67829",
                            "associate_public_ip_address": "true",
                            "availability_zone": "us-east-1a",
                            "cpu_core_count": "1",
                            "cpu_threads_per_core": "1",
                            "credit_specification.#": "1",
                            "credit_specification.0.cpu_credits": "standard",
                            "disable_api_termination": "false",
                            "ebs_block_device.#": "1",
                            "ebs_block_device.2554893574.delete_on_termination": "true",
                            "ebs_block_device.2554893574.device_name": "/dev/sdc",
                            "ebs_block_device.2554893574.encrypted": "false",
                            "ebs_block_device.2554893574.iops": "0",
                            "ebs_block_device.2554893574.snapshot_id": "",
                            "ebs_block_device.2554893574.volume_id": "vol-0c9d4e476800230d9",
                            "ebs_block_device.2554893574.volume_size": "20",
                            "ebs_block_device.2554893574.volume_type": "standard",
                            "ebs_optimized": "false",
                            "ephemeral_block_device.#": "0",
                            "get_password_data": "false",
                            "iam_instance_profile": "",
                            "id": "i-084124f5a95e67829",
                            "instance_state": "running",
                            "instance_type": "t2.micro",
                            "ipv6_address_count": "0",
                            "ipv6_addresses.#": "0",
                            "key_name": "aws",
                            "monitoring": "false",
                            "network_interface.#": "0",
                            "password_data": "",
                            "placement_group": "",
                            "primary_network_interface_id": "eni-005a25ccbd235913d",
                            "private_dns": "ip-10-0-0-177.ec2.internal",
                            "private_ip": "10.0.0.177",
                            "public_dns": "ec2-34-239-1-241.compute-1.amazonaws.com",
                            "public_ip": "34.239.1.241",
                            "root_block_device.#": "1",
                            "root_block_device.0.delete_on_termination": "true",
                            "root_block_device.0.iops": "100",
                            "root_block_device.0.volume_id": "vol-0dcc2229e522301fb",
                            "root_block_device.0.volume_size": "8",
                            "root_block_device.0.volume_type": "gp2",
                            "security_groups.#": "0",
                            "source_dest_check": "false",
                            "subnet_id": "subnet-016e97d28045b9866",
                            "tags.%": "1",
                            "tags.Name": "Manager",
                            "tenancy": "default",
                            "volume_tags.%": "0",
                            "vpc_security_group_ids.#": "1",
                            "vpc_security_group_ids.855462711": "sg-080d26978233ea779"
                        },
                        "meta": {
                            "e2bfb730-ecaa-11e6-8f88-34363bc7c4c0": {
                                "create": 600000000000,
                                "delete": 1200000000000,
                                "update": 600000000000
                            },
                            "schema_version": "1"
                        },
                        "tainted": false
                    },
                    "deposed": [],
                    "provider": "provider.aws"
                },
                "aws_instance.manager.1": {
                    "type": "aws_instance",
                    "depends_on": [
                        "aws_security_group.manager",
                        "aws_subnet.us-east-1a-public"
                    ],
                    "primary": {
                        "id": "i-0f534914c0cc1d173",
                        "attributes": {
                            "ami": "ami-0a313d6098716f372",
                            "arn": "arn:aws:ec2:us-east-1:617177278386:instance/i-0f534914c0cc1d173",
                            "associate_public_ip_address": "true",
                            "availability_zone": "us-east-1a",
                            "cpu_core_count": "1",
                            "cpu_threads_per_core": "1",
                            "credit_specification.#": "1",
                            "credit_specification.0.cpu_credits": "standard",
                            "disable_api_termination": "false",
                            "ebs_block_device.#": "1",
                            "ebs_block_device.2554893574.delete_on_termination": "true",
                            "ebs_block_device.2554893574.device_name": "/dev/sdc",
                            "ebs_block_device.2554893574.encrypted": "false",
                            "ebs_block_device.2554893574.iops": "0",
                            "ebs_block_device.2554893574.snapshot_id": "",
                            "ebs_block_device.2554893574.volume_id": "vol-0f7a51a05db773db5",
                            "ebs_block_device.2554893574.volume_size": "20",
                            "ebs_block_device.2554893574.volume_type": "standard",
                            "ebs_optimized": "false",
                            "ephemeral_block_device.#": "0",
                            "get_password_data": "false",
                            "iam_instance_profile": "",
                            "id": "i-0f534914c0cc1d173",
                            "instance_state": "running",
                            "instance_type": "t2.micro",
                            "ipv6_address_count": "0",
                            "ipv6_addresses.#": "0",
                            "key_name": "aws",
                            "monitoring": "false",
                            "network_interface.#": "0",
                            "password_data": "",
                            "placement_group": "",
                            "primary_network_interface_id": "eni-09644493d0fa463ea",
                            "private_dns": "ip-10-0-0-186.ec2.internal",
                            "private_ip": "10.0.0.186",
                            "public_dns": "ec2-3-92-87-77.compute-1.amazonaws.com",
                            "public_ip": "3.92.87.77",
                            "root_block_device.#": "1",
                            "root_block_device.0.delete_on_termination": "true",
                            "root_block_device.0.iops": "100",
                            "root_block_device.0.volume_id": "vol-0a203a6f85d9a819f",
                            "root_block_device.0.volume_size": "8",
                            "root_block_device.0.volume_type": "gp2",
                            "security_groups.#": "0",
                            "source_dest_check": "false",
                            "subnet_id": "subnet-016e97d28045b9866",
                            "tags.%": "1",
                            "tags.Name": "Manager",
                            "tenancy": "default",
                            "volume_tags.%": "0",
                            "vpc_security_group_ids.#": "1",
                            "vpc_security_group_ids.855462711": "sg-080d26978233ea779"
                        },
                        "meta": {
                            "e2bfb730-ecaa-11e6-8f88-34363bc7c4c0": {
                                "create": 600000000000,
                                "delete": 1200000000000,
                                "update": 600000000000
                            },
                            "schema_version": "1"
                        },
                        "tainted": false
                    },
                    "deposed": [],
                    "provider": "provider.aws"
                },
                "aws_instance.manager.2": {
                    "type": "aws_instance",
                    "depends_on": [
                        "aws_security_group.manager",
                        "aws_subnet.us-east-1a-public"
                    ],
                    "primary": {
                        "id": "i-0c225a2df102276ea",
                        "attributes": {
                            "ami": "ami-0a313d6098716f372",
                            "arn": "arn:aws:ec2:us-east-1:617177278386:instance/i-0c225a2df102276ea",
                            "associate_public_ip_address": "true",
                            "availability_zone": "us-east-1a",
                            "cpu_core_count": "1",
                            "cpu_threads_per_core": "1",
                            "credit_specification.#": "1",
                            "credit_specification.0.cpu_credits": "standard",
                            "disable_api_termination": "false",
                            "ebs_block_device.#": "1",
                            "ebs_block_device.2554893574.delete_on_termination": "true",
                            "ebs_block_device.2554893574.device_name": "/dev/sdc",
                            "ebs_block_device.2554893574.encrypted": "false",
                            "ebs_block_device.2554893574.iops": "0",
                            "ebs_block_device.2554893574.snapshot_id": "",
                            "ebs_block_device.2554893574.volume_id": "vol-052d22845201abab5",
                            "ebs_block_device.2554893574.volume_size": "20",
                            "ebs_block_device.2554893574.volume_type": "standard",
                            "ebs_optimized": "false",
                            "ephemeral_block_device.#": "0",
                            "get_password_data": "false",
                            "iam_instance_profile": "",
                            "id": "i-0c225a2df102276ea",
                            "instance_state": "running",
                            "instance_type": "t2.micro",
                            "ipv6_address_count": "0",
                            "ipv6_addresses.#": "0",
                            "key_name": "aws",
                            "monitoring": "false",
                            "network_interface.#": "0",
                            "password_data": "",
                            "placement_group": "",
                            "primary_network_interface_id": "eni-029ef94829a496179",
                            "private_dns": "ip-10-0-0-243.ec2.internal",
                            "private_ip": "10.0.0.243",
                            "public_dns": "ec2-18-210-7-202.compute-1.amazonaws.com",
                            "public_ip": "18.210.7.202",
                            "root_block_device.#": "1",
                            "root_block_device.0.delete_on_termination": "true",
                            "root_block_device.0.iops": "100",
                            "root_block_device.0.volume_id": "vol-07a073f7d22b88c79",
                            "root_block_device.0.volume_size": "8",
                            "root_block_device.0.volume_type": "gp2",
                            "security_groups.#": "0",
                            "source_dest_check": "false",
                            "subnet_id": "subnet-016e97d28045b9866",
                            "tags.%": "1",
                            "tags.Name": "Manager",
                            "tenancy": "default",
                            "volume_tags.%": "0",
                            "vpc_security_group_ids.#": "1",
                            "vpc_security_group_ids.855462711": "sg-080d26978233ea779"
                        },
                        "meta": {
                            "e2bfb730-ecaa-11e6-8f88-34363bc7c4c0": {
                                "create": 600000000000,
                                "delete": 1200000000000,
                                "update": 600000000000
                            },
                            "schema_version": "1"
                        },
                        "tainted": false
                    },
                    "deposed": [],
                    "provider": "provider.aws"
                },
                "aws_instance.nat": {
                    "type": "aws_instance",
                    "depends_on": [
                        "aws_security_group.nat",
                        "aws_subnet.us-east-1a-public"
                    ],
                    "primary": {
                        "id": "i-0d9e2bdc68d1144df",
                        "attributes": {
                            "ami": "ami-00a9d4a05375b2763",
                            "arn": "arn:aws:ec2:us-east-1:617177278386:instance/i-0d9e2bdc68d1144df",
                            "associate_public_ip_address": "true",
                            "availability_zone": "us-east-1a",
                            "cpu_core_count": "1",
                            "cpu_threads_per_core": "1",
                            "disable_api_termination": "false",
                            "ebs_block_device.#": "0",
                            "ebs_optimized": "false",
                            "ephemeral_block_device.#": "0",
                            "get_password_data": "false",
                            "iam_instance_profile": "",
                            "id": "i-0d9e2bdc68d1144df",
                            "instance_state": "running",
                            "instance_type": "m1.small",
                            "ipv6_address_count": "0",
                            "ipv6_addresses.#": "0",
                            "key_name": "aws",
                            "monitoring": "false",
                            "network_interface.#": "0",
                            "password_data": "",
                            "placement_group": "",
                            "primary_network_interface_id": "eni-0358c909b026f81dc",
                            "private_dns": "ip-10-0-0-78.ec2.internal",
                            "private_ip": "10.0.0.78",
                            "public_dns": "ec2-3-94-153-155.compute-1.amazonaws.com",
                            "public_ip": "3.94.153.155",
                            "root_block_device.#": "1",
                            "root_block_device.0.delete_on_termination": "true",
                            "root_block_device.0.iops": "0",
                            "root_block_device.0.volume_id": "vol-0a42048e0d37d339b",
                            "root_block_device.0.volume_size": "8",
                            "root_block_device.0.volume_type": "standard",
                            "security_groups.#": "0",
                            "source_dest_check": "false",
                            "subnet_id": "subnet-016e97d28045b9866",
                            "tags.%": "3",
                            "tags.Name": "icasei_nat",
                            "tags.Resource": "vpc",
                            "tags.Type": "nat",
                            "tenancy": "default",
                            "volume_tags.%": "0",
                            "vpc_security_group_ids.#": "1",
                            "vpc_security_group_ids.3830308459": "sg-0c154ca4dbf672b6e"
                        },
                        "meta": {
                            "e2bfb730-ecaa-11e6-8f88-34363bc7c4c0": {
                                "create": 600000000000,
                                "delete": 1200000000000,
                                "update": 600000000000
                            },
                            "schema_version": "1"
                        },
                        "tainted": false
                    },
                    "deposed": [],
                    "provider": "provider.aws"
                },
                "aws_instance.worker.0": {
                    "type": "aws_instance",
                    "depends_on": [
                        "aws_security_group.worker",
                        "aws_subnet.us-east-1a-private"
                    ],
                    "primary": {
                        "id": "i-01202e045e6ed8326",
                        "attributes": {
                            "ami": "ami-0a313d6098716f372",
                            "arn": "arn:aws:ec2:us-east-1:617177278386:instance/i-01202e045e6ed8326",
                            "associate_public_ip_address": "false",
                            "availability_zone": "us-east-1a",
                            "cpu_core_count": "1",
                            "cpu_threads_per_core": "1",
                            "credit_specification.#": "1",
                            "credit_specification.0.cpu_credits": "standard",
                            "disable_api_termination": "false",
                            "ebs_block_device.#": "0",
                            "ebs_optimized": "false",
                            "ephemeral_block_device.#": "0",
                            "get_password_data": "false",
                            "iam_instance_profile": "",
                            "id": "i-01202e045e6ed8326",
                            "instance_state": "running",
                            "instance_type": "t2.micro",
                            "ipv6_address_count": "0",
                            "ipv6_addresses.#": "0",
                            "key_name": "aws",
                            "monitoring": "false",
                            "network_interface.#": "0",
                            "password_data": "",
                            "placement_group": "",
                            "primary_network_interface_id": "eni-00ee0427dd80dc147",
                            "private_dns": "ip-10-0-1-206.ec2.internal",
                            "private_ip": "10.0.1.206",
                            "public_dns": "",
                            "public_ip": "",
                            "root_block_device.#": "1",
                            "root_block_device.0.delete_on_termination": "true",
                            "root_block_device.0.iops": "100",
                            "root_block_device.0.volume_id": "vol-0fbe77d3af6dfb4bb",
                            "root_block_device.0.volume_size": "8",
                            "root_block_device.0.volume_type": "gp2",
                            "security_groups.#": "0",
                            "source_dest_check": "false",
                            "subnet_id": "subnet-037f10f016a0d1194",
                            "tags.%": "1",
                            "tags.Name": "Worker",
                            "tenancy": "default",
                            "volume_tags.%": "0",
                            "vpc_security_group_ids.#": "1",
                            "vpc_security_group_ids.631479709": "sg-0f127954f026d5d71"
                        },
                        "meta": {
                            "e2bfb730-ecaa-11e6-8f88-34363bc7c4c0": {
                                "create": 600000000000,
                                "delete": 1200000000000,
                                "update": 600000000000
                            },
                            "schema_version": "1"
                        },
                        "tainted": false
                    },
                    "deposed": [],
                    "provider": "provider.aws"
                },
                "aws_instance.worker.1": {
                    "type": "aws_instance",
                    "depends_on": [
                        "aws_security_group.worker",
                        "aws_subnet.us-east-1a-private"
                    ],
                    "primary": {
                        "id": "i-0135571cb6e4293c9",
                        "attributes": {
                            "ami": "ami-0a313d6098716f372",
                            "arn": "arn:aws:ec2:us-east-1:617177278386:instance/i-0135571cb6e4293c9",
                            "associate_public_ip_address": "false",
                            "availability_zone": "us-east-1a",
                            "cpu_core_count": "1",
                            "cpu_threads_per_core": "1",
                            "credit_specification.#": "1",
                            "credit_specification.0.cpu_credits": "standard",
                            "disable_api_termination": "false",
                            "ebs_block_device.#": "0",
                            "ebs_optimized": "false",
                            "ephemeral_block_device.#": "0",
                            "get_password_data": "false",
                            "iam_instance_profile": "",
                            "id": "i-0135571cb6e4293c9",
                            "instance_state": "running",
                            "instance_type": "t2.micro",
                            "ipv6_address_count": "0",
                            "ipv6_addresses.#": "0",
                            "key_name": "aws",
                            "monitoring": "false",
                            "network_interface.#": "0",
                            "password_data": "",
                            "placement_group": "",
                            "primary_network_interface_id": "eni-03cf2e5fdf9a5a429",
                            "private_dns": "ip-10-0-1-52.ec2.internal",
                            "private_ip": "10.0.1.52",
                            "public_dns": "",
                            "public_ip": "",
                            "root_block_device.#": "1",
                            "root_block_device.0.delete_on_termination": "true",
                            "root_block_device.0.iops": "100",
                            "root_block_device.0.volume_id": "vol-0bb1fe1a6283923bb",
                            "root_block_device.0.volume_size": "8",
                            "root_block_device.0.volume_type": "gp2",
                            "security_groups.#": "0",
                            "source_dest_check": "false",
                            "subnet_id": "subnet-037f10f016a0d1194",
                            "tags.%": "1",
                            "tags.Name": "Worker",
                            "tenancy": "default",
                            "volume_tags.%": "0",
                            "vpc_security_group_ids.#": "1",
                            "vpc_security_group_ids.631479709": "sg-0f127954f026d5d71"
                        },
                        "meta": {
                            "e2bfb730-ecaa-11e6-8f88-34363bc7c4c0": {
                                "create": 600000000000,
                                "delete": 1200000000000,
                                "update": 600000000000
                            },
                            "schema_version": "1"
                        },
                        "tainted": false
                    },
                    "deposed": [],
                    "provider": "provider.aws"
                },
                "aws_instance.worker.2": {
                    "type": "aws_instance",
                    "depends_on": [
                        "aws_security_group.worker",
                        "aws_subnet.us-east-1a-private"
                    ],
                    "primary": {
                        "id": "i-0a4d86f8b0dbb3f09",
                        "attributes": {
                            "ami": "ami-0a313d6098716f372",
                            "arn": "arn:aws:ec2:us-east-1:617177278386:instance/i-0a4d86f8b0dbb3f09",
                            "associate_public_ip_address": "false",
                            "availability_zone": "us-east-1a",
                            "cpu_core_count": "1",
                            "cpu_threads_per_core": "1",
                            "credit_specification.#": "1",
                            "credit_specification.0.cpu_credits": "standard",
                            "disable_api_termination": "false",
                            "ebs_block_device.#": "0",
                            "ebs_optimized": "false",
                            "ephemeral_block_device.#": "0",
                            "get_password_data": "false",
                            "iam_instance_profile": "",
                            "id": "i-0a4d86f8b0dbb3f09",
                            "instance_state": "running",
                            "instance_type": "t2.micro",
                            "ipv6_address_count": "0",
                            "ipv6_addresses.#": "0",
                            "key_name": "aws",
                            "monitoring": "false",
                            "network_interface.#": "0",
                            "password_data": "",
                            "placement_group": "",
                            "primary_network_interface_id": "eni-0eee468f0f1aa4e5c",
                            "private_dns": "ip-10-0-1-173.ec2.internal",
                            "private_ip": "10.0.1.173",
                            "public_dns": "",
                            "public_ip": "",
                            "root_block_device.#": "1",
                            "root_block_device.0.delete_on_termination": "true",
                            "root_block_device.0.iops": "100",
                            "root_block_device.0.volume_id": "vol-0e743a14853a6d8e3",
                            "root_block_device.0.volume_size": "8",
                            "root_block_device.0.volume_type": "gp2",
                            "security_groups.#": "0",
                            "source_dest_check": "false",
                            "subnet_id": "subnet-037f10f016a0d1194",
                            "tags.%": "1",
                            "tags.Name": "Worker",
                            "tenancy": "default",
                            "volume_tags.%": "0",
                            "vpc_security_group_ids.#": "1",
                            "vpc_security_group_ids.631479709": "sg-0f127954f026d5d71"
                        },
                        "meta": {
                            "e2bfb730-ecaa-11e6-8f88-34363bc7c4c0": {
                                "create": 600000000000,
                                "delete": 1200000000000,
                                "update": 600000000000
                            },
                            "schema_version": "1"
                        },
                        "tainted": false
                    },
                    "deposed": [],
                    "provider": "provider.aws"
                },
                "aws_internet_gateway.default": {
                    "type": "aws_internet_gateway",
                    "depends_on": [
                        "aws_vpc.default"
                    ],
                    "primary": {
                        "id": "igw-04e21c502edaec50c",
                        "attributes": {
                            "id": "igw-04e21c502edaec50c",
                            "owner_id": "617177278386",
                            "tags.%": "2",
                            "tags.Name": "internet_gateway",
                            "tags.Resource": "vpc",
                            "vpc_id": "vpc-003544617e1db25db"
                        },
                        "meta": {},
                        "tainted": false
                    },
                    "deposed": [],
                    "provider": "provider.aws"
                },
                "aws_route_table.us-east-1a-private": {
                    "type": "aws_route_table",
                    "depends_on": [
                        "aws_instance.nat",
                        "aws_vpc.default"
                    ],
                    "primary": {
                        "id": "rtb-0cd3f29776bd0cf26",
                        "attributes": {
                            "id": "rtb-0cd3f29776bd0cf26",
                            "owner_id": "617177278386",
                            "propagating_vgws.#": "0",
                            "route.#": "1",
                            "route.3020946541.cidr_block": "0.0.0.0/0",
                            "route.3020946541.egress_only_gateway_id": "",
                            "route.3020946541.gateway_id": "",
                            "route.3020946541.instance_id": "i-0d9e2bdc68d1144df",
                            "route.3020946541.ipv6_cidr_block": "",
                            "route.3020946541.nat_gateway_id": "",
                            "route.3020946541.network_interface_id": "eni-0358c909b026f81dc",
                            "route.3020946541.transit_gateway_id": "",
                            "route.3020946541.vpc_peering_connection_id": "",
                            "tags.%": "2",
                            "tags.Name": "Subnet Pivada",
                            "tags.Resource": "vpc",
                            "vpc_id": "vpc-003544617e1db25db"
                        },
                        "meta": {},
                        "tainted": false
                    },
                    "deposed": [],
                    "provider": "provider.aws"
                },
                "aws_route_table.us-east-1a-public": {
                    "type": "aws_route_table",
                    "depends_on": [
                        "aws_internet_gateway.default",
                        "aws_vpc.default"
                    ],
                    "primary": {
                        "id": "rtb-063706209aae142d5",
                        "attributes": {
                            "id": "rtb-063706209aae142d5",
                            "owner_id": "617177278386",
                            "propagating_vgws.#": "0",
                            "route.#": "1",
                            "route.545720107.cidr_block": "0.0.0.0/0",
                            "route.545720107.egress_only_gateway_id": "",
                            "route.545720107.gateway_id": "igw-04e21c502edaec50c",
                            "route.545720107.instance_id": "",
                            "route.545720107.ipv6_cidr_block": "",
                            "route.545720107.nat_gateway_id": "",
                            "route.545720107.network_interface_id": "",
                            "route.545720107.transit_gateway_id": "",
                            "route.545720107.vpc_peering_connection_id": "",
                            "tags.%": "2",
                            "tags.Name": "Public Subnet",
                            "tags.Resource": "vpc",
                            "vpc_id": "vpc-003544617e1db25db"
                        },
                        "meta": {},
                        "tainted": false
                    },
                    "deposed": [],
                    "provider": "provider.aws"
                },
                "aws_route_table_association.us-east-1a-private": {
                    "type": "aws_route_table_association",
                    "depends_on": [
                        "aws_route_table.us-east-1a-private",
                        "aws_subnet.us-east-1a-private"
                    ],
                    "primary": {
                        "id": "rtbassoc-07372cd941fa36685",
                        "attributes": {
                            "id": "rtbassoc-07372cd941fa36685",
                            "route_table_id": "rtb-0cd3f29776bd0cf26",
                            "subnet_id": "subnet-037f10f016a0d1194"
                        },
                        "meta": {},
                        "tainted": false
                    },
                    "deposed": [],
                    "provider": "provider.aws"
                },
                "aws_route_table_association.us-east-1a-public": {
                    "type": "aws_route_table_association",
                    "depends_on": [
                        "aws_route_table.us-east-1a-public",
                        "aws_subnet.us-east-1a-public"
                    ],
                    "primary": {
                        "id": "rtbassoc-034df3696ebafcb42",
                        "attributes": {
                            "id": "rtbassoc-034df3696ebafcb42",
                            "route_table_id": "rtb-063706209aae142d5",
                            "subnet_id": "subnet-016e97d28045b9866"
                        },
                        "meta": {},
                        "tainted": false
                    },
                    "deposed": [],
                    "provider": "provider.aws"
                },
                "aws_security_group.manager": {
                    "type": "aws_security_group",
                    "depends_on": [
                        "aws_vpc.default"
                    ],
                    "primary": {
                        "id": "sg-080d26978233ea779",
                        "attributes": {
                            "arn": "arn:aws:ec2:us-east-1:617177278386:security-group/sg-080d26978233ea779",
                            "description": "Allow incoming HTTP connections.",
                            "egress.#": "2",
                            "egress.2176283147.cidr_blocks.#": "1",
                            "egress.2176283147.cidr_blocks.0": "10.0.1.0/24",
                            "egress.2176283147.description": "",
                            "egress.2176283147.from_port": "1433",
                            "egress.2176283147.ipv6_cidr_blocks.#": "0",
                            "egress.2176283147.prefix_list_ids.#": "0",
                            "egress.2176283147.protocol": "tcp",
                            "egress.2176283147.security_groups.#": "0",
                            "egress.2176283147.self": "false",
                            "egress.2176283147.to_port": "1433",
                            "egress.957905739.cidr_blocks.#": "1",
                            "egress.957905739.cidr_blocks.0": "10.0.1.0/24",
                            "egress.957905739.description": "",
                            "egress.957905739.from_port": "3306",
                            "egress.957905739.ipv6_cidr_blocks.#": "0",
                            "egress.957905739.prefix_list_ids.#": "0",
                            "egress.957905739.protocol": "tcp",
                            "egress.957905739.security_groups.#": "0",
                            "egress.957905739.self": "false",
                            "egress.957905739.to_port": "3306",
                            "id": "sg-080d26978233ea779",
                            "ingress.#": "3",
                            "ingress.1799340084.cidr_blocks.#": "1",
                            "ingress.1799340084.cidr_blocks.0": "0.0.0.0/0",
                            "ingress.1799340084.description": "",
                            "ingress.1799340084.from_port": "-1",
                            "ingress.1799340084.ipv6_cidr_blocks.#": "0",
                            "ingress.1799340084.prefix_list_ids.#": "0",
                            "ingress.1799340084.protocol": "icmp",
                            "ingress.1799340084.security_groups.#": "0",
                            "ingress.1799340084.self": "false",
                            "ingress.1799340084.to_port": "-1",
                            "ingress.2214680975.cidr_blocks.#": "1",
                            "ingress.2214680975.cidr_blocks.0": "0.0.0.0/0",
                            "ingress.2214680975.description": "",
                            "ingress.2214680975.from_port": "80",
                            "ingress.2214680975.ipv6_cidr_blocks.#": "0",
                            "ingress.2214680975.prefix_list_ids.#": "0",
                            "ingress.2214680975.protocol": "tcp",
                            "ingress.2214680975.security_groups.#": "0",
                            "ingress.2214680975.self": "false",
                            "ingress.2214680975.to_port": "80",
                            "ingress.2617001939.cidr_blocks.#": "1",
                            "ingress.2617001939.cidr_blocks.0": "0.0.0.0/0",
                            "ingress.2617001939.description": "",
                            "ingress.2617001939.from_port": "443",
                            "ingress.2617001939.ipv6_cidr_blocks.#": "0",
                            "ingress.2617001939.prefix_list_ids.#": "0",
                            "ingress.2617001939.protocol": "tcp",
                            "ingress.2617001939.security_groups.#": "0",
                            "ingress.2617001939.self": "false",
                            "ingress.2617001939.to_port": "443",
                            "name": "vpc_web",
                            "owner_id": "617177278386",
                            "revoke_rules_on_delete": "false",
                            "tags.%": "2",
                            "tags.Name": "managerSG",
                            "tags.Resource": "ec2",
                            "vpc_id": "vpc-003544617e1db25db"
                        },
                        "meta": {
                            "e2bfb730-ecaa-11e6-8f88-34363bc7c4c0": {
                                "create": 600000000000,
                                "delete": 600000000000
                            },
                            "schema_version": "1"
                        },
                        "tainted": false
                    },
                    "deposed": [],
                    "provider": "provider.aws"
                },
                "aws_security_group.nat": {
                    "type": "aws_security_group",
                    "depends_on": [
                        "aws_vpc.default"
                    ],
                    "primary": {
                        "id": "sg-0c154ca4dbf672b6e",
                        "attributes": {
                            "arn": "arn:aws:ec2:us-east-1:617177278386:security-group/sg-0c154ca4dbf672b6e",
                            "description": "Allow traffic to pass from the private subnet to the internet",
                            "egress.#": "4",
                            "egress.1799340084.cidr_blocks.#": "1",
                            "egress.1799340084.cidr_blocks.0": "0.0.0.0/0",
                            "egress.1799340084.description": "",
                            "egress.1799340084.from_port": "-1",
                            "egress.1799340084.ipv6_cidr_blocks.#": "0",
                            "egress.1799340084.prefix_list_ids.#": "0",
                            "egress.1799340084.protocol": "icmp",
                            "egress.1799340084.security_groups.#": "0",
                            "egress.1799340084.self": "false",
                            "egress.1799340084.to_port": "-1",
                            "egress.2214680975.cidr_blocks.#": "1",
                            "egress.2214680975.cidr_blocks.0": "0.0.0.0/0",
                            "egress.2214680975.description": "",
                            "egress.2214680975.from_port": "80",
                            "egress.2214680975.ipv6_cidr_blocks.#": "0",
                            "egress.2214680975.prefix_list_ids.#": "0",
                            "egress.2214680975.protocol": "tcp",
                            "egress.2214680975.security_groups.#": "0",
                            "egress.2214680975.self": "false",
                            "egress.2214680975.to_port": "80",
                            "egress.2617001939.cidr_blocks.#": "1",
                            "egress.2617001939.cidr_blocks.0": "0.0.0.0/0",
                            "egress.2617001939.description": "",
                            "egress.2617001939.from_port": "443",
                            "egress.2617001939.ipv6_cidr_blocks.#": "0",
                            "egress.2617001939.prefix_list_ids.#": "0",
                            "egress.2617001939.protocol": "tcp",
                            "egress.2617001939.security_groups.#": "0",
                            "egress.2617001939.self": "false",
                            "egress.2617001939.to_port": "443",
                            "egress.931551850.cidr_blocks.#": "1",
                            "egress.931551850.cidr_blocks.0": "10.0.0.0/16",
                            "egress.931551850.description": "",
                            "egress.931551850.from_port": "22",
                            "egress.931551850.ipv6_cidr_blocks.#": "0",
                            "egress.931551850.prefix_list_ids.#": "0",
                            "egress.931551850.protocol": "tcp",
                            "egress.931551850.security_groups.#": "0",
                            "egress.931551850.self": "false",
                            "egress.931551850.to_port": "22",
                            "id": "sg-0c154ca4dbf672b6e",
                            "ingress.#": "4",
                            "ingress.1799340084.cidr_blocks.#": "1",
                            "ingress.1799340084.cidr_blocks.0": "0.0.0.0/0",
                            "ingress.1799340084.description": "",
                            "ingress.1799340084.from_port": "-1",
                            "ingress.1799340084.ipv6_cidr_blocks.#": "0",
                            "ingress.1799340084.prefix_list_ids.#": "0",
                            "ingress.1799340084.protocol": "icmp",
                            "ingress.1799340084.security_groups.#": "0",
                            "ingress.1799340084.self": "false",
                            "ingress.1799340084.to_port": "-1",
                            "ingress.2541437006.cidr_blocks.#": "1",
                            "ingress.2541437006.cidr_blocks.0": "0.0.0.0/0",
                            "ingress.2541437006.description": "",
                            "ingress.2541437006.from_port": "22",
                            "ingress.2541437006.ipv6_cidr_blocks.#": "0",
                            "ingress.2541437006.prefix_list_ids.#": "0",
                            "ingress.2541437006.protocol": "tcp",
                            "ingress.2541437006.security_groups.#": "0",
                            "ingress.2541437006.self": "false",
                            "ingress.2541437006.to_port": "22",
                            "ingress.386650288.cidr_blocks.#": "1",
                            "ingress.386650288.cidr_blocks.0": "10.0.1.0/24",
                            "ingress.386650288.description": "",
                            "ingress.386650288.from_port": "80",
                            "ingress.386650288.ipv6_cidr_blocks.#": "0",
                            "ingress.386650288.prefix_list_ids.#": "0",
                            "ingress.386650288.protocol": "tcp",
                            "ingress.386650288.security_groups.#": "0",
                            "ingress.386650288.self": "false",
                            "ingress.386650288.to_port": "80",
                            "ingress.4211794038.cidr_blocks.#": "1",
                            "ingress.4211794038.cidr_blocks.0": "10.0.1.0/24",
                            "ingress.4211794038.description": "",
                            "ingress.4211794038.from_port": "443",
                            "ingress.4211794038.ipv6_cidr_blocks.#": "0",
                            "ingress.4211794038.prefix_list_ids.#": "0",
                            "ingress.4211794038.protocol": "tcp",
                            "ingress.4211794038.security_groups.#": "0",
                            "ingress.4211794038.self": "false",
                            "ingress.4211794038.to_port": "443",
                            "name": "vpc_nat",
                            "owner_id": "617177278386",
                            "revoke_rules_on_delete": "false",
                            "tags.%": "2",
                            "tags.Name": "icasei_vpc_sg",
                            "tags.Resource": "vpc",
                            "vpc_id": "vpc-003544617e1db25db"
                        },
                        "meta": {
                            "e2bfb730-ecaa-11e6-8f88-34363bc7c4c0": {
                                "create": 600000000000,
                                "delete": 600000000000
                            },
                            "schema_version": "1"
                        },
                        "tainted": false
                    },
                    "deposed": [],
                    "provider": "provider.aws"
                },
                "aws_security_group.worker": {
                    "type": "aws_security_group",
                    "depends_on": [
                        "aws_security_group.manager",
                        "aws_vpc.default"
                    ],
                    "primary": {
                        "id": "sg-0f127954f026d5d71",
                        "attributes": {
                            "arn": "arn:aws:ec2:us-east-1:617177278386:security-group/sg-0f127954f026d5d71",
                            "description": "Allow incoming database connections.",
                            "egress.#": "2",
                            "egress.2214680975.cidr_blocks.#": "1",
                            "egress.2214680975.cidr_blocks.0": "0.0.0.0/0",
                            "egress.2214680975.description": "",
                            "egress.2214680975.from_port": "80",
                            "egress.2214680975.ipv6_cidr_blocks.#": "0",
                            "egress.2214680975.prefix_list_ids.#": "0",
                            "egress.2214680975.protocol": "tcp",
                            "egress.2214680975.security_groups.#": "0",
                            "egress.2214680975.self": "false",
                            "egress.2214680975.to_port": "80",
                            "egress.2617001939.cidr_blocks.#": "1",
                            "egress.2617001939.cidr_blocks.0": "0.0.0.0/0",
                            "egress.2617001939.description": "",
                            "egress.2617001939.from_port": "443",
                            "egress.2617001939.ipv6_cidr_blocks.#": "0",
                            "egress.2617001939.prefix_list_ids.#": "0",
                            "egress.2617001939.protocol": "tcp",
                            "egress.2617001939.security_groups.#": "0",
                            "egress.2617001939.self": "false",
                            "egress.2617001939.to_port": "443",
                            "id": "sg-0f127954f026d5d71",
                            "ingress.#": "4",
                            "ingress.2595069851.cidr_blocks.#": "0",
                            "ingress.2595069851.description": "",
                            "ingress.2595069851.from_port": "3306",
                            "ingress.2595069851.ipv6_cidr_blocks.#": "0",
                            "ingress.2595069851.prefix_list_ids.#": "0",
                            "ingress.2595069851.protocol": "tcp",
                            "ingress.2595069851.security_groups.#": "1",
                            "ingress.2595069851.security_groups.855462711": "sg-080d26978233ea779",
                            "ingress.2595069851.self": "false",
                            "ingress.2595069851.to_port": "3306",
                            "ingress.267302002.cidr_blocks.#": "1",
                            "ingress.267302002.cidr_blocks.0": "10.0.0.0/16",
                            "ingress.267302002.description": "",
                            "ingress.267302002.from_port": "-1",
                            "ingress.267302002.ipv6_cidr_blocks.#": "0",
                            "ingress.267302002.prefix_list_ids.#": "0",
                            "ingress.267302002.protocol": "icmp",
                            "ingress.267302002.security_groups.#": "0",
                            "ingress.267302002.self": "false",
                            "ingress.267302002.to_port": "-1",
                            "ingress.470463784.cidr_blocks.#": "0",
                            "ingress.470463784.description": "",
                            "ingress.470463784.from_port": "1433",
                            "ingress.470463784.ipv6_cidr_blocks.#": "0",
                            "ingress.470463784.prefix_list_ids.#": "0",
                            "ingress.470463784.protocol": "tcp",
                            "ingress.470463784.security_groups.#": "1",
                            "ingress.470463784.security_groups.855462711": "sg-080d26978233ea779",
                            "ingress.470463784.self": "false",
                            "ingress.470463784.to_port": "1433",
                            "ingress.931551850.cidr_blocks.#": "1",
                            "ingress.931551850.cidr_blocks.0": "10.0.0.0/16",
                            "ingress.931551850.description": "",
                            "ingress.931551850.from_port": "22",
                            "ingress.931551850.ipv6_cidr_blocks.#": "0",
                            "ingress.931551850.prefix_list_ids.#": "0",
                            "ingress.931551850.protocol": "tcp",
                            "ingress.931551850.security_groups.#": "0",
                            "ingress.931551850.self": "false",
                            "ingress.931551850.to_port": "22",
                            "name": "vpc_db",
                            "owner_id": "617177278386",
                            "revoke_rules_on_delete": "false",
                            "tags.%": "1",
                            "tags.Name": "WorkerSG",
                            "vpc_id": "vpc-003544617e1db25db"
                        },
                        "meta": {
                            "e2bfb730-ecaa-11e6-8f88-34363bc7c4c0": {
                                "create": 600000000000,
                                "delete": 600000000000
                            },
                            "schema_version": "1"
                        },
                        "tainted": false
                    },
                    "deposed": [],
                    "provider": "provider.aws"
                },
                "aws_subnet.us-east-1a-private": {
                    "type": "aws_subnet",
                    "depends_on": [
                        "aws_vpc.default"
                    ],
                    "primary": {
                        "id": "subnet-037f10f016a0d1194",
                        "attributes": {
                            "arn": "arn:aws:ec2:us-east-1:617177278386:subnet/subnet-037f10f016a0d1194",
                            "assign_ipv6_address_on_creation": "false",
                            "availability_zone": "us-east-1a",
                            "availability_zone_id": "use1-az1",
                            "cidr_block": "10.0.1.0/24",
                            "id": "subnet-037f10f016a0d1194",
                            "ipv6_cidr_block": "",
                            "ipv6_cidr_block_association_id": "",
                            "map_public_ip_on_launch": "false",
                            "owner_id": "617177278386",
                            "tags.%": "2",
                            "tags.Name": "Subnet Privada",
                            "tags.Resource": "vpc",
                            "vpc_id": "vpc-003544617e1db25db"
                        },
                        "meta": {
                            "e2bfb730-ecaa-11e6-8f88-34363bc7c4c0": {
                                "create": 600000000000,
                                "delete": 600000000000
                            },
                            "schema_version": "1"
                        },
                        "tainted": false
                    },
                    "deposed": [],
                    "provider": "provider.aws"
                },
                "aws_subnet.us-east-1a-public": {
                    "type": "aws_subnet",
                    "depends_on": [
                        "aws_vpc.default"
                    ],
                    "primary": {
                        "id": "subnet-016e97d28045b9866",
                        "attributes": {
                            "arn": "arn:aws:ec2:us-east-1:617177278386:subnet/subnet-016e97d28045b9866",
                            "assign_ipv6_address_on_creation": "false",
                            "availability_zone": "us-east-1a",
                            "availability_zone_id": "use1-az1",
                            "cidr_block": "10.0.0.0/24",
                            "id": "subnet-016e97d28045b9866",
                            "ipv6_cidr_block": "",
                            "ipv6_cidr_block_association_id": "",
                            "map_public_ip_on_launch": "false",
                            "owner_id": "617177278386",
                            "tags.%": "2",
                            "tags.Name": "Public Subnet",
                            "tags.Resource": "vpc",
                            "vpc_id": "vpc-003544617e1db25db"
                        },
                        "meta": {
                            "e2bfb730-ecaa-11e6-8f88-34363bc7c4c0": {
                                "create": 600000000000,
                                "delete": 600000000000
                            },
                            "schema_version": "1"
                        },
                        "tainted": false
                    },
                    "deposed": [],
                    "provider": "provider.aws"
                },
                "aws_vpc.default": {
                    "type": "aws_vpc",
                    "depends_on": [],
                    "primary": {
                        "id": "vpc-003544617e1db25db",
                        "attributes": {
                            "arn": "arn:aws:ec2:us-east-1:617177278386:vpc/vpc-003544617e1db25db",
                            "assign_generated_ipv6_cidr_block": "false",
                            "cidr_block": "10.0.0.0/16",
                            "default_network_acl_id": "acl-05726d070ca20f211",
                            "default_route_table_id": "rtb-00a06f783b3d3a671",
                            "default_security_group_id": "sg-0e3bf364779527729",
                            "dhcp_options_id": "dopt-d3e9a5a8",
                            "enable_classiclink": "false",
                            "enable_classiclink_dns_support": "false",
                            "enable_dns_hostnames": "true",
                            "enable_dns_support": "true",
                            "id": "vpc-003544617e1db25db",
                            "instance_tenancy": "default",
                            "ipv6_association_id": "",
                            "ipv6_cidr_block": "",
                            "main_route_table_id": "rtb-00a06f783b3d3a671",
                            "owner_id": "617177278386",
                            "tags.%": "2",
                            "tags.Name": "icasei_vpc",
                            "tags.Resource": "vpc"
                        },
                        "meta": {
                            "schema_version": "1"
                        },
                        "tainted": false
                    },
                    "deposed": [],
                    "provider": "provider.aws"
                }
            },
            "depends_on": []
        }
    ]
}
